
Microsoft Visual Studio Solution File, Format Version 12.00
# Visual Studio 15
VisualStudioVersion = 15.0.28307.1000
MinimumVisualStudioVersion = 10.0.40219.1
Project("{9A19103F-16F7-4668-BE54-9A1E7A4F7556}") = "Undersoft.System", "Undersoft.System\Undersoft.System.csproj", "{B3244675-90FC-443F-9A41-DBC1C228D021}"
EndProject
Global
	GlobalSection(SolutionConfigurationPlatforms) = preSolution
		Debug|Any CPU = Debug|Any CPU
		Release|Any CPU = Release|Any CPU
	EndGlobalSection
	GlobalSection(ProjectConfigurationPlatforms) = postSolution
		{B3244675-90FC-443F-9A41-DBC1C228D021}.Debug|Any CPU.ActiveCfg = Debug|Any CPU
		{B3244675-90FC-443F-9A41-DBC1C228D021}.Debug|Any CPU.Build.0 = Debug|Any CPU
		{B3244675-90FC-443F-9A41-DBC1C228D021}.Release|Any CPU.ActiveCfg = Release|Any CPU
		{B3244675-90FC-443F-9A41-DBC1C228D021}.Release|Any CPU.Build.0 = Release|Any CPU
	EndGlobalSection
	GlobalSection(SolutionProperties) = preSolution
		HideSolutionNode = FALSE
	EndGlobalSection
	GlobalSection(ExtensibilityGlobals) = postSolution
		SolutionGuid = {83442050-4DE4-41F9-B8D4-D2E1C9ED5B41}
	EndGlobalSection
EndGlobal
