
Microsoft Visual Studio Solution File, Format Version 12.00
# Visual Studio 15
VisualStudioVersion = 15.0.28307.1000
MinimumVisualStudioVersion = 10.0.40219.1
Project("{FAE04EC0-301F-11D3-BF4B-00C04F79EFBC}") = "Undersoft.System.Instants.Intelect", "Undersoft.System.Instants.Intelect\Undersoft.System.Instants.Intelect.csproj", "{6D535409-2DB1-4618-B285-25DE6A5F744A}"
EndProject
Project("{9A19103F-16F7-4668-BE54-9A1E7A4F7556}") = "Undersoft.System.Instants.Intelect.Tests", "Undersoft.System.Instants.Intelect.Tests\Undersoft.System.Instants.Intelect.Tests.csproj", "{7F8577B9-8695-45F8-968D-2DB2B1A705E8}"
EndProject
Global
	GlobalSection(SolutionConfigurationPlatforms) = preSolution
		Debug|Any CPU = Debug|Any CPU
		Release|Any CPU = Release|Any CPU
	EndGlobalSection
	GlobalSection(ProjectConfigurationPlatforms) = postSolution
		{6D535409-2DB1-4618-B285-25DE6A5F744A}.Debug|Any CPU.ActiveCfg = Debug|Any CPU
		{6D535409-2DB1-4618-B285-25DE6A5F744A}.Debug|Any CPU.Build.0 = Debug|Any CPU
		{6D535409-2DB1-4618-B285-25DE6A5F744A}.Release|Any CPU.ActiveCfg = Release|Any CPU
		{6D535409-2DB1-4618-B285-25DE6A5F744A}.Release|Any CPU.Build.0 = Release|Any CPU
		{7F8577B9-8695-45F8-968D-2DB2B1A705E8}.Debug|Any CPU.ActiveCfg = Debug|Any CPU
		{7F8577B9-8695-45F8-968D-2DB2B1A705E8}.Debug|Any CPU.Build.0 = Debug|Any CPU
		{7F8577B9-8695-45F8-968D-2DB2B1A705E8}.Release|Any CPU.ActiveCfg = Release|Any CPU
		{7F8577B9-8695-45F8-968D-2DB2B1A705E8}.Release|Any CPU.Build.0 = Release|Any CPU
	EndGlobalSection
	GlobalSection(SolutionProperties) = preSolution
		HideSolutionNode = FALSE
	EndGlobalSection
	GlobalSection(ExtensibilityGlobals) = postSolution
		SolutionGuid = {09FD644E-64FE-45D1-B5FC-CDB225CDA101}
	EndGlobalSection
EndGlobal
