
Microsoft Visual Studio Solution File, Format Version 12.00
# Visual Studio 15
VisualStudioVersion = 15.0.28307.1000
MinimumVisualStudioVersion = 10.0.40219.1
Project("{9A19103F-16F7-4668-BE54-9A1E7A4F7556}") = "Undersoft.System.Dealer", "Undersoft.System.Dealer\Undersoft.System.Dealer.csproj", "{980F3402-81EB-4E1B-89D4-16E47B11C04A}"
EndProject
Project("{FAE04EC0-301F-11D3-BF4B-00C04F79EFBC}") = "Undersoft.System.Dealer.Tests", "Undersoft.System.Dealer.Tests\Undersoft.System.Dealer.Tests.csproj", "{0AB37A95-C42F-4D67-B308-7CF2A738C0FA}"
EndProject
Global
	GlobalSection(SolutionConfigurationPlatforms) = preSolution
		Debug|Any CPU = Debug|Any CPU
		Release|Any CPU = Release|Any CPU
	EndGlobalSection
	GlobalSection(ProjectConfigurationPlatforms) = postSolution
		{980F3402-81EB-4E1B-89D4-16E47B11C04A}.Debug|Any CPU.ActiveCfg = Debug|Any CPU
		{980F3402-81EB-4E1B-89D4-16E47B11C04A}.Debug|Any CPU.Build.0 = Debug|Any CPU
		{980F3402-81EB-4E1B-89D4-16E47B11C04A}.Release|Any CPU.ActiveCfg = Release|Any CPU
		{980F3402-81EB-4E1B-89D4-16E47B11C04A}.Release|Any CPU.Build.0 = Release|Any CPU
		{0AB37A95-C42F-4D67-B308-7CF2A738C0FA}.Debug|Any CPU.ActiveCfg = Debug|Any CPU
		{0AB37A95-C42F-4D67-B308-7CF2A738C0FA}.Debug|Any CPU.Build.0 = Debug|Any CPU
		{0AB37A95-C42F-4D67-B308-7CF2A738C0FA}.Release|Any CPU.ActiveCfg = Release|Any CPU
		{0AB37A95-C42F-4D67-B308-7CF2A738C0FA}.Release|Any CPU.Build.0 = Release|Any CPU
	EndGlobalSection
	GlobalSection(SolutionProperties) = preSolution
		HideSolutionNode = FALSE
	EndGlobalSection
	GlobalSection(ExtensibilityGlobals) = postSolution
		SolutionGuid = {56C37EBA-0E2C-43FC-8030-6C8E190AA0D9}
	EndGlobalSection
EndGlobal
